
Microsoft Visual Studio Solution File, Format Version 12.00
# Visual Studio Version 16
VisualStudioVersion = 16.0.30523.141
MinimumVisualStudioVersion = 10.0.40219.1
Project("{FAE04EC0-301F-11D3-BF4B-00C04F79EFBC}") = "Zadanie B2", "Zadanie B2.csproj", "{ADBA828A-A79B-44F5-B866-25371AB43369}"
EndProject
Global
	GlobalSection(SolutionConfigurationPlatforms) = preSolution
		Debug|Any CPU = Debug|Any CPU
		Release|Any CPU = Release|Any CPU
	EndGlobalSection
	GlobalSection(ProjectConfigurationPlatforms) = postSolution
		{ADBA828A-A79B-44F5-B866-25371AB43369}.Debug|Any CPU.ActiveCfg = Debug|Any CPU
		{ADBA828A-A79B-44F5-B866-25371AB43369}.Debug|Any CPU.Build.0 = Debug|Any CPU
		{ADBA828A-A79B-44F5-B866-25371AB43369}.Release|Any CPU.ActiveCfg = Release|Any CPU
		{ADBA828A-A79B-44F5-B866-25371AB43369}.Release|Any CPU.Build.0 = Release|Any CPU
	EndGlobalSection
	GlobalSection(SolutionProperties) = preSolution
		HideSolutionNode = FALSE
	EndGlobalSection
	GlobalSection(ExtensibilityGlobals) = postSolution
		SolutionGuid = {86E62A68-4A24-49A9-A902-11525C6B058E}
	EndGlobalSection
EndGlobal
